{
  "name": "lightpl",
  "version": "0.0.1",
  "lockfileVersion": 1,
  "requires": true,
  "dependencies": {
    "js-lexer": {
      "version": "0.1.0",
      "resolved": "https://registry.npmjs.org/js-lexer/-/js-lexer-0.1.0.tgz",
      "integrity": "sha512-d3PDoXNIdmz9DJBxhxMiAK7EAKQTkt0LnptrutjFzQ77s8iibfJ+Lt8m2FAm8uHPu3g8T3S4hLLtSSsrtFXudQ=="
    }
  }
}
